
Microsoft Visual Studio Solution File, Format Version 12.00
# Visual Studio Version 16
VisualStudioVersion = 16.0.31321.278
MinimumVisualStudioVersion = 10.0.40219.1
Project("{9A19103F-16F7-4668-BE54-9A1E7A4F7556}") = "Archaeological_finds_on_reconstructed_streets", "Archaeological_finds_on_reconstructed_streets\Archaeological_finds_on_reconstructed_streets.csproj", "{6E2B98FA-C702-4581-972F-C730C2FFFDB5}"
EndProject
Project("{FAE04EC0-301F-11D3-BF4B-00C04F79EFBC}") = "ArheologyMskBot", "..\..\ArheologyMskBot\ArheologyMskBot\ArheologyMskBot.csproj", "{3CBEE96F-7091-45A2-9EAD-B1C8DF2037DB}"
EndProject
Global
	GlobalSection(SolutionConfigurationPlatforms) = preSolution
		Debug|Any CPU = Debug|Any CPU
		Release|Any CPU = Release|Any CPU
	EndGlobalSection
	GlobalSection(ProjectConfigurationPlatforms) = postSolution
		{6E2B98FA-C702-4581-972F-C730C2FFFDB5}.Debug|Any CPU.ActiveCfg = Debug|Any CPU
		{6E2B98FA-C702-4581-972F-C730C2FFFDB5}.Debug|Any CPU.Build.0 = Debug|Any CPU
		{6E2B98FA-C702-4581-972F-C730C2FFFDB5}.Release|Any CPU.ActiveCfg = Release|Any CPU
		{6E2B98FA-C702-4581-972F-C730C2FFFDB5}.Release|Any CPU.Build.0 = Release|Any CPU
		{3CBEE96F-7091-45A2-9EAD-B1C8DF2037DB}.Debug|Any CPU.ActiveCfg = Debug|Any CPU
		{3CBEE96F-7091-45A2-9EAD-B1C8DF2037DB}.Debug|Any CPU.Build.0 = Debug|Any CPU
		{3CBEE96F-7091-45A2-9EAD-B1C8DF2037DB}.Release|Any CPU.ActiveCfg = Release|Any CPU
		{3CBEE96F-7091-45A2-9EAD-B1C8DF2037DB}.Release|Any CPU.Build.0 = Release|Any CPU
	EndGlobalSection
	GlobalSection(SolutionProperties) = preSolution
		HideSolutionNode = FALSE
	EndGlobalSection
	GlobalSection(ExtensibilityGlobals) = postSolution
		SolutionGuid = {3BD6B732-467B-4D1A-AAA9-A9C85A3573AE}
	EndGlobalSection
EndGlobal
